
Microsoft Visual Studio Solution File, Format Version 12.00
# Visual Studio 15
VisualStudioVersion = 15.0.28307.136
MinimumVisualStudioVersion = 10.0.40219.1
Project("{FAE04EC0-301F-11D3-BF4B-00C04F79EFBC}") = "PdfServer", "PdfServer\PdfServer.csproj", "{8F93C075-5A0D-458A-A70C-647AF59B654C}"
EndProject
Global
	GlobalSection(SolutionConfigurationPlatforms) = preSolution
		Debug|Any CPU = Debug|Any CPU
		Release|Any CPU = Release|Any CPU
	EndGlobalSection
	GlobalSection(ProjectConfigurationPlatforms) = postSolution
		{8F93C075-5A0D-458A-A70C-647AF59B654C}.Debug|Any CPU.ActiveCfg = Debug|Any CPU
		{8F93C075-5A0D-458A-A70C-647AF59B654C}.Debug|Any CPU.Build.0 = Debug|Any CPU
		{8F93C075-5A0D-458A-A70C-647AF59B654C}.Release|Any CPU.ActiveCfg = Release|Any CPU
		{8F93C075-5A0D-458A-A70C-647AF59B654C}.Release|Any CPU.Build.0 = Release|Any CPU
	EndGlobalSection
	GlobalSection(SolutionProperties) = preSolution
		HideSolutionNode = FALSE
	EndGlobalSection
	GlobalSection(ExtensibilityGlobals) = postSolution
		SolutionGuid = {AE90FFEE-A8E7-40D2-8CD7-A3851FF53177}
	EndGlobalSection
EndGlobal
